// !$*UTF8*$!
{
	archiveVersion = 1;
	classes = {
	};
	objectVersion = 46;
	objects = {

/* Begin PBXBuildFile section */
		77A58689EE63C3C104025101 /* Pods_Beon.framework in Frameworks */ = {isa = PBXBuildFile; fileRef = D86916CD142BBEC0E950E892 /* Pods_Beon.framework */; };
		E849DAE91C2ACA3E00187805 /* Assets.xcassets in Resources */ = {isa = PBXBuildFile; fileRef = E849DAE81C2ACA3E00187805 /* Assets.xcassets */; };
		E849DAEC1C2ACA3E00187805 /* LaunchScreen.storyboard in Resources */ = {isa = PBXBuildFile; fileRef = E849DAEA1C2ACA3E00187805 /* LaunchScreen.storyboard */; };
		E85709141D1B277900DDCE98 /* LoginVC.swift in Sources */ = {isa = PBXBuildFile; fileRef = E85709131D1B277900DDCE98 /* LoginVC.swift */; };
		E85709161D1B29DB00DDCE98 /* Constants.swift in Sources */ = {isa = PBXBuildFile; fileRef = E85709151D1B29DB00DDCE98 /* Constants.swift */; };
		E88843461CA9D550001A7240 /* LoginStoryboard.storyboard in Resources */ = {isa = PBXBuildFile; fileRef = E88843451CA9D550001A7240 /* LoginStoryboard.storyboard */; };
		E8A197551D0B641B009C5428 /* Beon.xcdatamodeld in Sources */ = {isa = PBXBuildFile; fileRef = E8A197511D0B641B009C5428 /* Beon.xcdatamodeld */; };
		E8A197561D0B641B009C5428 /* GoogleService-Info.plist in Resources */ = {isa = PBXBuildFile; fileRef = E8A197531D0B641B009C5428 /* GoogleService-Info.plist */; };
		E8A197571D0B641B009C5428 /* Info.plist in Resources */ = {isa = PBXBuildFile; fileRef = E8A197541D0B641B009C5428 /* Info.plist */; };
		E8CE0CB11D0B6009008C479A /* AppDelegate.swift in Sources */ = {isa = PBXBuildFile; fileRef = E849DADE1C2ACA3E00187805 /* AppDelegate.swift */; };
/* End PBXBuildFile section */

/* Begin PBXFileReference section */
		258816FD6F2643D0048D6D33 /* Pods-Beon.debug.xcconfig */ = {isa = PBXFileReference; includeInIndex = 1; lastKnownFileType = text.xcconfig; name = "Pods-Beon.debug.xcconfig"; path = "Pods/Target Support Files/Pods-Beon/Pods-Beon.debug.xcconfig"; sourceTree = "<group>"; };
		8275D0BB3716E880D471250D /* Pods-Beon.release.xcconfig */ = {isa = PBXFileReference; includeInIndex = 1; lastKnownFileType = text.xcconfig; name = "Pods-Beon.release.xcconfig"; path = "Pods/Target Support Files/Pods-Beon/Pods-Beon.release.xcconfig"; sourceTree = "<group>"; };
		D86916CD142BBEC0E950E892 /* Pods_Beon.framework */ = {isa = PBXFileReference; explicitFileType = wrapper.framework; includeInIndex = 0; path = Pods_Beon.framework; sourceTree = BUILT_PRODUCTS_DIR; };
		E849DADB1C2ACA3E00187805 /* Beon.app */ = {isa = PBXFileReference; explicitFileType = wrapper.application; includeInIndex = 0; path = Beon.app; sourceTree = BUILT_PRODUCTS_DIR; };
		E849DADE1C2ACA3E00187805 /* AppDelegate.swift */ = {isa = PBXFileReference; lastKnownFileType = sourcecode.swift; name = AppDelegate.swift; path = Beon/AppCore/AppDelegate.swift; sourceTree = SOURCE_ROOT; };
		E849DAE81C2ACA3E00187805 /* Assets.xcassets */ = {isa = PBXFileReference; lastKnownFileType = folder.assetcatalog; path = Assets.xcassets; sourceTree = "<group>"; };
		E849DAEB1C2ACA3E00187805 /* Base */ = {isa = PBXFileReference; lastKnownFileType = file.storyboard; name = Base; path = Base.lproj/LaunchScreen.storyboard; sourceTree = "<group>"; };
		E85709131D1B277900DDCE98 /* LoginVC.swift */ = {isa = PBXFileReference; fileEncoding = 4; lastKnownFileType = sourcecode.swift; path = LoginVC.swift; sourceTree = "<group>"; };
		E85709151D1B29DB00DDCE98 /* Constants.swift */ = {isa = PBXFileReference; fileEncoding = 4; lastKnownFileType = sourcecode.swift; path = Constants.swift; sourceTree = "<group>"; };
		E88843451CA9D550001A7240 /* LoginStoryboard.storyboard */ = {isa = PBXFileReference; fileEncoding = 4; lastKnownFileType = file.storyboard; path = LoginStoryboard.storyboard; sourceTree = "<group>"; };
		E888434B1CA9E36D001A7240 /* ru */ = {isa = PBXFileReference; lastKnownFileType = text.plist.strings; name = ru; path = ru.lproj/LaunchScreen.strings; sourceTree = "<group>"; };
		E8A197521D0B641B009C5428 /* Beon.xcdatamodel */ = {isa = PBXFileReference; lastKnownFileType = wrapper.xcdatamodel; path = Beon.xcdatamodel; sourceTree = "<group>"; };
		E8A197531D0B641B009C5428 /* GoogleService-Info.plist */ = {isa = PBXFileReference; fileEncoding = 4; lastKnownFileType = text.plist.xml; path = "GoogleService-Info.plist"; sourceTree = "<group>"; };
		E8A197541D0B641B009C5428 /* Info.plist */ = {isa = PBXFileReference; fileEncoding = 4; lastKnownFileType = text.plist.xml; path = Info.plist; sourceTree = "<group>"; };
/* End PBXFileReference section */

/* Begin PBXFrameworksBuildPhase section */
		E849DAD81C2ACA3E00187805 /* Frameworks */ = {
			isa = PBXFrameworksBuildPhase;
			buildActionMask = 2147483647;
			files = (
				77A58689EE63C3C104025101 /* Pods_Beon.framework in Frameworks */,
			);
			runOnlyForDeploymentPostprocessing = 0;
		};
/* End PBXFrameworksBuildPhase section */

/* Begin PBXGroup section */
		C5965E577900B42C0797EB70 /* Frameworks */ = {
			isa = PBXGroup;
			children = (
				D86916CD142BBEC0E950E892 /* Pods_Beon.framework */,
			);
			name = Frameworks;
			sourceTree = "<group>";
		};
		D551A54E7D73C92055D89451 /* Pods */ = {
			isa = PBXGroup;
			children = (
				258816FD6F2643D0048D6D33 /* Pods-Beon.debug.xcconfig */,
				8275D0BB3716E880D471250D /* Pods-Beon.release.xcconfig */,
			);
			name = Pods;
			sourceTree = "<group>";
		};
		E849DAD21C2ACA3E00187805 = {
			isa = PBXGroup;
			children = (
				E849DADD1C2ACA3E00187805 /* Beon */,
				E849DADC1C2ACA3E00187805 /* Products */,
				D551A54E7D73C92055D89451 /* Pods */,
				C5965E577900B42C0797EB70 /* Frameworks */,
			);
			sourceTree = "<group>";
		};
		E849DADC1C2ACA3E00187805 /* Products */ = {
			isa = PBXGroup;
			children = (
				E849DADB1C2ACA3E00187805 /* Beon.app */,
			);
			name = Products;
			sourceTree = "<group>";
		};
		E849DADD1C2ACA3E00187805 /* Beon */ = {
			isa = PBXGroup;
			children = (
				E8CE0CAF1D0B5ECB008C479A /* AppCore */,
				E888434A1CA9DF67001A7240 /* Views */,
				E88843471CA9D5AC001A7240 /* Model */,
				E88843431CA9D50B001A7240 /* Screens */,
				E8A197501D0B641B009C5428 /* SupportingFiles */,
			);
			path = Beon;
			sourceTree = "<group>";
		};
		E874E2031D1B204F00172188 /* TextFields */ = {
			isa = PBXGroup;
			children = (
			);
			path = TextFields;
			sourceTree = "<group>";
		};
		E88843431CA9D50B001A7240 /* Screens */ = {
			isa = PBXGroup;
			children = (
				E88843481CA9D733001A7240 /* AbstractVC */,
				E88843441CA9D530001A7240 /* Login */,
				E849DAEA1C2ACA3E00187805 /* LaunchScreen.storyboard */,
			);
			path = Screens;
			sourceTree = "<group>";
		};
		E88843441CA9D530001A7240 /* Login */ = {
			isa = PBXGroup;
			children = (
				E85709131D1B277900DDCE98 /* LoginVC.swift */,
				E88843451CA9D550001A7240 /* LoginStoryboard.storyboard */,
			);
			path = Login;
			sourceTree = "<group>";
		};
		E88843471CA9D5AC001A7240 /* Model */ = {
			isa = PBXGroup;
			children = (
			);
			path = Model;
			sourceTree = "<group>";
		};
		E88843481CA9D733001A7240 /* AbstractVC */ = {
			isa = PBXGroup;
			children = (
			);
			path = AbstractVC;
			sourceTree = "<group>";
		};
		E888434A1CA9DF67001A7240 /* Views */ = {
			isa = PBXGroup;
			children = (
				E874E2031D1B204F00172188 /* TextFields */,
			);
			path = Views;
			sourceTree = "<group>";
		};
		E8A197501D0B641B009C5428 /* SupportingFiles */ = {
			isa = PBXGroup;
			children = (
				E849DAE81C2ACA3E00187805 /* Assets.xcassets */,
				E8A197511D0B641B009C5428 /* Beon.xcdatamodeld */,
				E8A197531D0B641B009C5428 /* GoogleService-Info.plist */,
				E8A197541D0B641B009C5428 /* Info.plist */,
				E85709151D1B29DB00DDCE98 /* Constants.swift */,
			);
			path = SupportingFiles;
			sourceTree = "<group>";
		};
		E8CE0CAF1D0B5ECB008C479A /* AppCore */ = {
			isa = PBXGroup;
			children = (
				E849DADE1C2ACA3E00187805 /* AppDelegate.swift */,
			);
			path = AppCore;
			sourceTree = "<group>";
		};
/* End PBXGroup section */

/* Begin PBXNativeTarget section */
		E849DADA1C2ACA3E00187805 /* Beon */ = {
			isa = PBXNativeTarget;
			buildConfigurationList = E849DAF01C2ACA3E00187805 /* Build configuration list for PBXNativeTarget "Beon" */;
			buildPhases = (
				FE2D92907E5A0C51976B097D /* 📦 Check Pods Manifest.lock */,
				E849DAD71C2ACA3E00187805 /* Sources */,
				E849DAD81C2ACA3E00187805 /* Frameworks */,
				E849DAD91C2ACA3E00187805 /* Resources */,
				21F938F6E6804C95999094D5 /* 📦 Embed Pods Frameworks */,
				DCF9E184ACEEB28453697A01 /* 📦 Copy Pods Resources */,
			);
			buildRules = (
			);
			dependencies = (
			);
			name = Beon;
			productName = Beon;
			productReference = E849DADB1C2ACA3E00187805 /* Beon.app */;
			productType = "com.apple.product-type.application";
		};
/* End PBXNativeTarget section */

/* Begin PBXProject section */
		E849DAD31C2ACA3E00187805 /* Project object */ = {
			isa = PBXProject;
			attributes = {
				LastSwiftUpdateCheck = 0720;
				LastUpgradeCheck = 0720;
				ORGANIZATIONNAME = Beon;
				TargetAttributes = {
					E849DADA1C2ACA3E00187805 = {
						CreatedOnToolsVersion = 7.2;
					};
				};
			};
			buildConfigurationList = E849DAD61C2ACA3E00187805 /* Build configuration list for PBXProject "Beon" */;
			compatibilityVersion = "Xcode 3.2";
			developmentRegion = English;
			hasScannedForEncodings = 0;
			knownRegions = (
				en,
				Base,
			);
			mainGroup = E849DAD21C2ACA3E00187805;
			productRefGroup = E849DADC1C2ACA3E00187805 /* Products */;
			projectDirPath = "";
			projectRoot = "";
			targets = (
				E849DADA1C2ACA3E00187805 /* Beon */,
			);
		};
/* End PBXProject section */

/* Begin PBXResourcesBuildPhase section */
		E849DAD91C2ACA3E00187805 /* Resources */ = {
			isa = PBXResourcesBuildPhase;
			buildActionMask = 2147483647;
			files = (
				E849DAEC1C2ACA3E00187805 /* LaunchScreen.storyboard in Resources */,
				E849DAE91C2ACA3E00187805 /* Assets.xcassets in Resources */,
				E8A197571D0B641B009C5428 /* Info.plist in Resources */,
				E8A197561D0B641B009C5428 /* GoogleService-Info.plist in Resources */,
				E88843461CA9D550001A7240 /* LoginStoryboard.storyboard in Resources */,
			);
			runOnlyForDeploymentPostprocessing = 0;
		};
/* End PBXResourcesBuildPhase section */

/* Begin PBXShellScriptBuildPhase section */
		21F938F6E6804C95999094D5 /* 📦 Embed Pods Frameworks */ = {
			isa = PBXShellScriptBuildPhase;
			buildActionMask = 2147483647;
			files = (
			);
			inputPaths = (
			);
			name = "📦 Embed Pods Frameworks";
			outputPaths = (
			);
			runOnlyForDeploymentPostprocessing = 0;
			shellPath = /bin/sh;
			shellScript = "\"${SRCROOT}/Pods/Target Support Files/Pods-Beon/Pods-Beon-frameworks.sh\"\n";
			showEnvVarsInLog = 0;
		};
		DCF9E184ACEEB28453697A01 /* 📦 Copy Pods Resources */ = {
			isa = PBXShellScriptBuildPhase;
			buildActionMask = 2147483647;
			files = (
			);
			inputPaths = (
			);
			name = "📦 Copy Pods Resources";
			outputPaths = (
			);
			runOnlyForDeploymentPostprocessing = 0;
			shellPath = /bin/sh;
			shellScript = "\"${SRCROOT}/Pods/Target Support Files/Pods-Beon/Pods-Beon-resources.sh\"\n";
			showEnvVarsInLog = 0;
		};
		FE2D92907E5A0C51976B097D /* 📦 Check Pods Manifest.lock */ = {
			isa = PBXShellScriptBuildPhase;
			buildActionMask = 2147483647;
			files = (
			);
			inputPaths = (
			);
			name = "📦 Check Pods Manifest.lock";
			outputPaths = (
			);
			runOnlyForDeploymentPostprocessing = 0;
			shellPath = /bin/sh;
			shellScript = "diff \"${PODS_ROOT}/../Podfile.lock\" \"${PODS_ROOT}/Manifest.lock\" > /dev/null\nif [[ $? != 0 ]] ; then\n    cat << EOM\nerror: The sandbox is not in sync with the Podfile.lock. Run 'pod install' or update your CocoaPods installation.\nEOM\n    exit 1\nfi\n";
			showEnvVarsInLog = 0;
		};
/* End PBXShellScriptBuildPhase section */

/* Begin PBXSourcesBuildPhase section */
		E849DAD71C2ACA3E00187805 /* Sources */ = {
			isa = PBXSourcesBuildPhase;
			buildActionMask = 2147483647;
			files = (
				E8A197551D0B641B009C5428 /* Beon.xcdatamodeld in Sources */,
				E8CE0CB11D0B6009008C479A /* AppDelegate.swift in Sources */,
				E85709141D1B277900DDCE98 /* LoginVC.swift in Sources */,
				E85709161D1B29DB00DDCE98 /* Constants.swift in Sources */,
			);
			runOnlyForDeploymentPostprocessing = 0;
		};
/* End PBXSourcesBuildPhase section */

/* Begin PBXVariantGroup section */
		E849DAEA1C2ACA3E00187805 /* LaunchScreen.storyboard */ = {
			isa = PBXVariantGroup;
			children = (
				E849DAEB1C2ACA3E00187805 /* Base */,
				E888434B1CA9E36D001A7240 /* ru */,
			);
			name = LaunchScreen.storyboard;
			path = ..;
			sourceTree = "<group>";
		};
/* End PBXVariantGroup section */

/* Begin XCBuildConfiguration section */
		E849DAEE1C2ACA3E00187805 /* Debug */ = {
			isa = XCBuildConfiguration;
			buildSettings = {
				ALWAYS_SEARCH_USER_PATHS = NO;
				CLANG_CXX_LANGUAGE_STANDARD = "gnu++0x";
				CLANG_CXX_LIBRARY = "libc++";
				CLANG_ENABLE_MODULES = YES;
				CLANG_ENABLE_OBJC_ARC = YES;
				CLANG_WARN_BOOL_CONVERSION = YES;
				CLANG_WARN_CONSTANT_CONVERSION = YES;
				CLANG_WARN_DIRECT_OBJC_ISA_USAGE = YES_ERROR;
				CLANG_WARN_EMPTY_BODY = YES;
				CLANG_WARN_ENUM_CONVERSION = YES;
				CLANG_WARN_INT_CONVERSION = YES;
				CLANG_WARN_OBJC_ROOT_CLASS = YES_ERROR;
				CLANG_WARN_UNREACHABLE_CODE = YES;
				CLANG_WARN__DUPLICATE_METHOD_MATCH = YES;
				"CODE_SIGN_IDENTITY[sdk=iphoneos*]" = "iPhone Developer";
				COPY_PHASE_STRIP = NO;
				DEBUG_INFORMATION_FORMAT = dwarf;
				ENABLE_STRICT_OBJC_MSGSEND = YES;
				ENABLE_TESTABILITY = YES;
				GCC_C_LANGUAGE_STANDARD = gnu99;
				GCC_DYNAMIC_NO_PIC = NO;
				GCC_NO_COMMON_BLOCKS = YES;
				GCC_OPTIMIZATION_LEVEL = 0;
				GCC_PREPROCESSOR_DEFINITIONS = (
					"DEBUG=1",
					"$(inherited)",
				);
				GCC_WARN_64_TO_32_BIT_CONVERSION = YES;
				GCC_WARN_ABOUT_RETURN_TYPE = YES_ERROR;
				GCC_WARN_UNDECLARED_SELECTOR = YES;
				GCC_WARN_UNINITIALIZED_AUTOS = YES_AGGRESSIVE;
				GCC_WARN_UNUSED_FUNCTION = YES;
				GCC_WARN_UNUSED_VARIABLE = YES;
				IPHONEOS_DEPLOYMENT_TARGET = 9.2;
				MTL_ENABLE_DEBUG_INFO = YES;
				ONLY_ACTIVE_ARCH = YES;
				SDKROOT = iphoneos;
				SWIFT_OPTIMIZATION_LEVEL = "-Onone";
			};
			name = Debug;
		};
		E849DAEF1C2ACA3E00187805 /* Release */ = {
			isa = XCBuildConfiguration;
			buildSettings = {
				ALWAYS_SEARCH_USER_PATHS = NO;
				CLANG_CXX_LANGUAGE_STANDARD = "gnu++0x";
				CLANG_CXX_LIBRARY = "libc++";
				CLANG_ENABLE_MODULES = YES;
				CLANG_ENABLE_OBJC_ARC = YES;
				CLANG_WARN_BOOL_CONVERSION = YES;
				CLANG_WARN_CONSTANT_CONVERSION = YES;
				CLANG_WARN_DIRECT_OBJC_ISA_USAGE = YES_ERROR;
				CLANG_WARN_EMPTY_BODY = YES;
				CLANG_WARN_ENUM_CONVERSION = YES;
				CLANG_WARN_INT_CONVERSION = YES;
				CLANG_WARN_OBJC_ROOT_CLASS = YES_ERROR;
				CLANG_WARN_UNREACHABLE_CODE = YES;
				CLANG_WARN__DUPLICATE_METHOD_MATCH = YES;
				"CODE_SIGN_IDENTITY[sdk=iphoneos*]" = "iPhone Developer";
				COPY_PHASE_STRIP = NO;
				DEBUG_INFORMATION_FORMAT = "dwarf-with-dsym";
				ENABLE_NS_ASSERTIONS = NO;
				ENABLE_STRICT_OBJC_MSGSEND = YES;
				GCC_C_LANGUAGE_STANDARD = gnu99;
				GCC_NO_COMMON_BLOCKS = YES;
				GCC_WARN_64_TO_32_BIT_CONVERSION = YES;
				GCC_WARN_ABOUT_RETURN_TYPE = YES_ERROR;
				GCC_WARN_UNDECLARED_SELECTOR = YES;
				GCC_WARN_UNINITIALIZED_AUTOS = YES_AGGRESSIVE;
				GCC_WARN_UNUSED_FUNCTION = YES;
				GCC_WARN_UNUSED_VARIABLE = YES;
				IPHONEOS_DEPLOYMENT_TARGET = 9.2;
				MTL_ENABLE_DEBUG_INFO = NO;
				SDKROOT = iphoneos;
				VALIDATE_PRODUCT = YES;
			};
			name = Release;
		};
		E849DAF11C2ACA3E00187805 /* Debug */ = {
			isa = XCBuildConfiguration;
			baseConfigurationReference = 258816FD6F2643D0048D6D33 /* Pods-Beon.debug.xcconfig */;
			buildSettings = {
				ASSETCATALOG_COMPILER_APPICON_NAME = AppIcon;
				INFOPLIST_FILE = Beon/SupportingFiles/Info.plist;
				IPHONEOS_DEPLOYMENT_TARGET = 8.0;
				LD_RUNPATH_SEARCH_PATHS = "$(inherited) @executable_path/Frameworks";
				PRODUCT_BUNDLE_IDENTIFIER = com.beon;
				PRODUCT_NAME = "$(TARGET_NAME)";
			};
			name = Debug;
		};
		E849DAF21C2ACA3E00187805 /* Release */ = {
			isa = XCBuildConfiguration;
			baseConfigurationReference = 8275D0BB3716E880D471250D /* Pods-Beon.release.xcconfig */;
			buildSettings = {
				ASSETCATALOG_COMPILER_APPICON_NAME = AppIcon;
				INFOPLIST_FILE = Beon/SupportingFiles/Info.plist;
				IPHONEOS_DEPLOYMENT_TARGET = 8.0;
				LD_RUNPATH_SEARCH_PATHS = "$(inherited) @executable_path/Frameworks";
				PRODUCT_BUNDLE_IDENTIFIER = com.beon;
				PRODUCT_NAME = "$(TARGET_NAME)";
			};
			name = Release;
		};
/* End XCBuildConfiguration section */

/* Begin XCConfigurationList section */
		E849DAD61C2ACA3E00187805 /* Build configuration list for PBXProject "Beon" */ = {
			isa = XCConfigurationList;
			buildConfigurations = (
				E849DAEE1C2ACA3E00187805 /* Debug */,
				E849DAEF1C2ACA3E00187805 /* Release */,
			);
			defaultConfigurationIsVisible = 0;
			defaultConfigurationName = Release;
		};
		E849DAF01C2ACA3E00187805 /* Build configuration list for PBXNativeTarget "Beon" */ = {
			isa = XCConfigurationList;
			buildConfigurations = (
				E849DAF11C2ACA3E00187805 /* Debug */,
				E849DAF21C2ACA3E00187805 /* Release */,
			);
			defaultConfigurationIsVisible = 0;
			defaultConfigurationName = Release;
		};
/* End XCConfigurationList section */

/* Begin XCVersionGroup section */
		E8A197511D0B641B009C5428 /* Beon.xcdatamodeld */ = {
			isa = XCVersionGroup;
			children = (
				E8A197521D0B641B009C5428 /* Beon.xcdatamodel */,
			);
			currentVersion = E8A197521D0B641B009C5428 /* Beon.xcdatamodel */;
			path = Beon.xcdatamodeld;
			sourceTree = "<group>";
			versionGroupType = wrapper.xcdatamodel;
		};
/* End XCVersionGroup section */
	};
	rootObject = E849DAD31C2ACA3E00187805 /* Project object */;
}
